
Microsoft Visual Studio Solution File, Format Version 12.00
# Visual Studio Version 16
VisualStudioVersion = 16.0.31112.23
MinimumVisualStudioVersion = 10.0.40219.1
Project("{FAE04EC0-301F-11D3-BF4B-00C04F79EFBC}") = "cehat", "cehat.csproj", "{DEE8D168-34F3-4812-9E71-4FFDC1EB316A}"
EndProject
Global
	GlobalSection(SolutionConfigurationPlatforms) = preSolution
		Debug|Any CPU = Debug|Any CPU
		Release|Any CPU = Release|Any CPU
	EndGlobalSection
	GlobalSection(ProjectConfigurationPlatforms) = postSolution
		{DEE8D168-34F3-4812-9E71-4FFDC1EB316A}.Debug|Any CPU.ActiveCfg = Debug|Any CPU
		{DEE8D168-34F3-4812-9E71-4FFDC1EB316A}.Debug|Any CPU.Build.0 = Debug|Any CPU
		{DEE8D168-34F3-4812-9E71-4FFDC1EB316A}.Release|Any CPU.ActiveCfg = Release|Any CPU
		{DEE8D168-34F3-4812-9E71-4FFDC1EB316A}.Release|Any CPU.Build.0 = Release|Any CPU
	EndGlobalSection
	GlobalSection(SolutionProperties) = preSolution
		HideSolutionNode = FALSE
	EndGlobalSection
	GlobalSection(ExtensibilityGlobals) = postSolution
		SolutionGuid = {6FD05D35-700F-4B73-B86C-0CFB3BA2251C}
	EndGlobalSection
EndGlobal
