
Microsoft Visual Studio Solution File, Format Version 12.00
# Visual Studio Version 16
VisualStudioVersion = 16.0.31205.134
MinimumVisualStudioVersion = 10.0.40219.1
Project("{FAE04EC0-301F-11D3-BF4B-00C04F79EFBC}") = "cehat", "cehat\cehat.csproj", "{C35141B7-9E51-4600-8707-A2E258E82835}"
EndProject
Global
	GlobalSection(SolutionConfigurationPlatforms) = preSolution
		Debug|Any CPU = Debug|Any CPU
		Release|Any CPU = Release|Any CPU
	EndGlobalSection
	GlobalSection(ProjectConfigurationPlatforms) = postSolution
		{C35141B7-9E51-4600-8707-A2E258E82835}.Debug|Any CPU.ActiveCfg = Debug|Any CPU
		{C35141B7-9E51-4600-8707-A2E258E82835}.Debug|Any CPU.Build.0 = Debug|Any CPU
		{C35141B7-9E51-4600-8707-A2E258E82835}.Release|Any CPU.ActiveCfg = Release|Any CPU
		{C35141B7-9E51-4600-8707-A2E258E82835}.Release|Any CPU.Build.0 = Release|Any CPU
	EndGlobalSection
	GlobalSection(SolutionProperties) = preSolution
		HideSolutionNode = FALSE
	EndGlobalSection
	GlobalSection(ExtensibilityGlobals) = postSolution
		SolutionGuid = {F084B355-A6EF-45F4-92CF-BB8984D4F17C}
	EndGlobalSection
EndGlobal
